
Microsoft Visual Studio Solution File, Format Version 12.00
# Visual Studio Version 17
VisualStudioVersion = 17.8.34330.188
MinimumVisualStudioVersion = 10.0.40219.1
Project("{FAE04EC0-301F-11D3-BF4B-00C04F79EFBC}") = "SistemaVendas", "SistemaVendas\SistemaVendas.csproj", "{F8C10380-8A62-43CA-BFE4-0B92873E7F90}"
EndProject
Global
	GlobalSection(SolutionConfigurationPlatforms) = preSolution
		Debug|Any CPU = Debug|Any CPU
		Release|Any CPU = Release|Any CPU
	EndGlobalSection
	GlobalSection(ProjectConfigurationPlatforms) = postSolution
		{F8C10380-8A62-43CA-BFE4-0B92873E7F90}.Debug|Any CPU.ActiveCfg = Debug|Any CPU
		{F8C10380-8A62-43CA-BFE4-0B92873E7F90}.Debug|Any CPU.Build.0 = Debug|Any CPU
		{F8C10380-8A62-43CA-BFE4-0B92873E7F90}.Release|Any CPU.ActiveCfg = Release|Any CPU
		{F8C10380-8A62-43CA-BFE4-0B92873E7F90}.Release|Any CPU.Build.0 = Release|Any CPU
	EndGlobalSection
	GlobalSection(SolutionProperties) = preSolution
		HideSolutionNode = FALSE
	EndGlobalSection
	GlobalSection(ExtensibilityGlobals) = postSolution
		SolutionGuid = {8FC0F2D4-7CF4-436E-8E58-A4E24BA10DBD}
	EndGlobalSection
EndGlobal
